
Microsoft Visual Studio Solution File, Format Version 12.00
# Visual Studio 15
VisualStudioVersion = 15.0.27703.2000
MinimumVisualStudioVersion = 10.0.40219.1
Project("{FAE04EC0-301F-11D3-BF4B-00C04F79EFBC}") = "RabbitMQTestExamples.ConsoleApp", "RabbitMQTestExamples.ConsoleApp\RabbitMQTestExamples.ConsoleApp.csproj", "{BD661EAE-2E97-4758-AEB3-572A8B543BA0}"
EndProject
Project("{FAE04EC0-301F-11D3-BF4B-00C04F79EFBC}") = "RabbitMQTestExamples.IntegrationTests", "RabbitMQTestExamples.IntegrationTests\RabbitMQTestExamples.IntegrationTests.csproj", "{2D47722B-88C7-4AD3-AED7-18141C5DA497}"
EndProject
Global
	GlobalSection(SolutionConfigurationPlatforms) = preSolution
		Debug|Any CPU = Debug|Any CPU
		Release|Any CPU = Release|Any CPU
	EndGlobalSection
	GlobalSection(ProjectConfigurationPlatforms) = postSolution
		{BD661EAE-2E97-4758-AEB3-572A8B543BA0}.Debug|Any CPU.ActiveCfg = Debug|Any CPU
		{BD661EAE-2E97-4758-AEB3-572A8B543BA0}.Debug|Any CPU.Build.0 = Debug|Any CPU
		{BD661EAE-2E97-4758-AEB3-572A8B543BA0}.Release|Any CPU.ActiveCfg = Release|Any CPU
		{BD661EAE-2E97-4758-AEB3-572A8B543BA0}.Release|Any CPU.Build.0 = Release|Any CPU
		{2D47722B-88C7-4AD3-AED7-18141C5DA497}.Debug|Any CPU.ActiveCfg = Debug|Any CPU
		{2D47722B-88C7-4AD3-AED7-18141C5DA497}.Debug|Any CPU.Build.0 = Debug|Any CPU
		{2D47722B-88C7-4AD3-AED7-18141C5DA497}.Release|Any CPU.ActiveCfg = Release|Any CPU
		{2D47722B-88C7-4AD3-AED7-18141C5DA497}.Release|Any CPU.Build.0 = Release|Any CPU
	EndGlobalSection
	GlobalSection(SolutionProperties) = preSolution
		HideSolutionNode = FALSE
	EndGlobalSection
	GlobalSection(ExtensibilityGlobals) = postSolution
		SolutionGuid = {863159C6-2794-4BA1-85E4-671C5D04A039}
	EndGlobalSection
EndGlobal
